{
    "name": "app-run",
    "version": "1.0.0",
    "lockfileVersion": 3,
    "requires": true,
    "packages": {
        "": {
            "name": "app-run",
            "version": "1.0.0",
            "license": "ISC",
            "devDependencies": {
                "@types/leaflet": "^1.9.21",
                "prettier": "3.9.5"
            }
        },
        "node_modules/@types/geojson": {
            "version": "7946.0.16",
            "resolved": "https://registry.npmjs.org/@types/geojson/-/geojson-7946.0.16.tgz",
            "integrity": "sha512-6C8nqWur3j98U6+lXDfTUWIfgvZU+EumvpHKcYjujKH7woYyLj2sUmff0tRhrqM7BohUw7Pz3ZB1jj2gW9Fvmg==",
            "dev": true,
            "license": "MIT"
        },
        "node_modules/@types/leaflet": {
            "version": "1.9.21",
            "resolved": "https://registry.npmjs.org/@types/leaflet/-/leaflet-1.9.21.tgz",
            "integrity": "sha512-TbAd9DaPGSnzp6QvtYngntMZgcRk+igFELwR2N99XZn7RXUdKgsXMR+28bUO0rPsWp8MIu/f47luLIQuSLYv/w==",
            "dev": true,
            "license": "MIT",
            "dependencies": {
                "@types/geojson": "*"
            }
        },
        "node_modules/prettier": {
            "version": "3.9.5",
            "resolved": "https://registry.npmjs.org/prettier/-/prettier-3.9.5.tgz",
            "integrity": "sha512-/FVl766LpUfB5vXgCYOYa0MeV/441Ia99AeICQIQFTY/Nw0roZwULcXpku5i1/m5kt/baz+s4Zogspd839HSMg==",
            "dev": true,
            "license": "MIT",
            "bin": {
                "prettier": "bin/prettier.cjs"
            },
            "engines": {
                "node": ">=14"
            },
            "funding": {
                "url": "https://github.com/prettier/prettier?sponsor=1"
            }
        }
    }
}
